// !$*UTF8*$!
{
	archiveVersion = 1;
	classes = {
	};
	objectVersion = 52;
	objects = {

/* Begin PBXBuildFile section */
		CB2FF835250FD077000E124D /* RxSwift in Frameworks */ = {isa = PBXBuildFile; productRef = CB2FF834250FD077000E124D /* RxSwift */; };
		CB2FF837250FD077000E124D /* RxTest in Frameworks */ = {isa = PBXBuildFile; productRef = CB2FF836250FD077000E124D /* RxTest */; };
		CB2FF839250FD077000E124D /* RxRelay in Frameworks */ = {isa = PBXBuildFile; productRef = CB2FF838250FD077000E124D /* RxRelay */; };
		CB2FF83B250FD077000E124D /* RxCocoa in Frameworks */ = {isa = PBXBuildFile; productRef = CB2FF83A250FD077000E124D /* RxCocoa */; };
		CB2FF83D250FD077000E124D /* RxBlocking in Frameworks */ = {isa = PBXBuildFile; productRef = CB2FF83C250FD077000E124D /* RxBlocking */; };
		CB2FF840250FD08C000E124D /* RxMoya in Frameworks */ = {isa = PBXBuildFile; productRef = CB2FF83F250FD08C000E124D /* RxMoya */; };
		CB2FF843250FD0A6000E124D /* RIBs in Frameworks */ = {isa = PBXBuildFile; productRef = CB2FF842250FD0A6000E124D /* RIBs */; };
		CB311E9E250FB3420040CEEA /* AppDelegate.swift in Sources */ = {isa = PBXBuildFile; fileRef = CB311E9D250FB3420040CEEA /* AppDelegate.swift */; };
		CB311EA0250FB3420040CEEA /* SceneDelegate.swift in Sources */ = {isa = PBXBuildFile; fileRef = CB311E9F250FB3420040CEEA /* SceneDelegate.swift */; };
		CB311EA2250FB3420040CEEA /* ViewController.swift in Sources */ = {isa = PBXBuildFile; fileRef = CB311EA1250FB3420040CEEA /* ViewController.swift */; };
		CB311EA5250FB3420040CEEA /* Main.storyboard in Resources */ = {isa = PBXBuildFile; fileRef = CB311EA3250FB3420040CEEA /* Main.storyboard */; };
		CB311EA7250FB3430040CEEA /* Assets.xcassets in Resources */ = {isa = PBXBuildFile; fileRef = CB311EA6250FB3430040CEEA /* Assets.xcassets */; };
		CB311EAA250FB3430040CEEA /* LaunchScreen.storyboard in Resources */ = {isa = PBXBuildFile; fileRef = CB311EA8250FB3430040CEEA /* LaunchScreen.storyboard */; };
		CB311EB5250FB3430040CEEA /* YouTube_SH_OHTests.swift in Sources */ = {isa = PBXBuildFile; fileRef = CB311EB4250FB3430040CEEA /* YouTube_SH_OHTests.swift */; };
		CB311EC0250FB3430040CEEA /* YouTube_SH_OHUITests.swift in Sources */ = {isa = PBXBuildFile; fileRef = CB311EBF250FB3430040CEEA /* YouTube_SH_OHUITests.swift */; };
/* End PBXBuildFile section */

/* Begin PBXContainerItemProxy section */
		CB311EB1250FB3430040CEEA /* PBXContainerItemProxy */ = {
			isa = PBXContainerItemProxy;
			containerPortal = CB311E92250FB3420040CEEA /* Project object */;
			proxyType = 1;
			remoteGlobalIDString = CB311E99250FB3420040CEEA;
			remoteInfo = "YouTube-SH-OH";
		};
		CB311EBC250FB3430040CEEA /* PBXContainerItemProxy */ = {
			isa = PBXContainerItemProxy;
			containerPortal = CB311E92250FB3420040CEEA /* Project object */;
			proxyType = 1;
			remoteGlobalIDString = CB311E99250FB3420040CEEA;
			remoteInfo = "YouTube-SH-OH";
		};
/* End PBXContainerItemProxy section */

/* Begin PBXCopyFilesBuildPhase section */
		CB311F43250FC8420040CEEA /* Embed Frameworks */ = {
			isa = PBXCopyFilesBuildPhase;
			buildActionMask = 2147483647;
			dstPath = "";
			dstSubfolderSpec = 10;
			files = (
			);
			name = "Embed Frameworks";
			runOnlyForDeploymentPostprocessing = 0;
		};
/* End PBXCopyFilesBuildPhase section */

/* Begin PBXFileReference section */
		CB311E9A250FB3420040CEEA /* YouTube-SH-OH.app */ = {isa = PBXFileReference; explicitFileType = wrapper.application; includeInIndex = 0; path = "YouTube-SH-OH.app"; sourceTree = BUILT_PRODUCTS_DIR; };
		CB311E9D250FB3420040CEEA /* AppDelegate.swift */ = {isa = PBXFileReference; lastKnownFileType = sourcecode.swift; path = AppDelegate.swift; sourceTree = "<group>"; };
		CB311E9F250FB3420040CEEA /* SceneDelegate.swift */ = {isa = PBXFileReference; lastKnownFileType = sourcecode.swift; path = SceneDelegate.swift; sourceTree = "<group>"; };
		CB311EA1250FB3420040CEEA /* ViewController.swift */ = {isa = PBXFileReference; lastKnownFileType = sourcecode.swift; path = ViewController.swift; sourceTree = "<group>"; };
		CB311EA4250FB3420040CEEA /* Base */ = {isa = PBXFileReference; lastKnownFileType = file.storyboard; name = Base; path = Base.lproj/Main.storyboard; sourceTree = "<group>"; };
		CB311EA6250FB3430040CEEA /* Assets.xcassets */ = {isa = PBXFileReference; lastKnownFileType = folder.assetcatalog; path = Assets.xcassets; sourceTree = "<group>"; };
		CB311EA9250FB3430040CEEA /* Base */ = {isa = PBXFileReference; lastKnownFileType = file.storyboard; name = Base; path = Base.lproj/LaunchScreen.storyboard; sourceTree = "<group>"; };
		CB311EAB250FB3430040CEEA /* Info.plist */ = {isa = PBXFileReference; lastKnownFileType = text.plist.xml; path = Info.plist; sourceTree = "<group>"; };
		CB311EB0250FB3430040CEEA /* YouTube-SH-OHTests.xctest */ = {isa = PBXFileReference; explicitFileType = wrapper.cfbundle; includeInIndex = 0; path = "YouTube-SH-OHTests.xctest"; sourceTree = BUILT_PRODUCTS_DIR; };
		CB311EB4250FB3430040CEEA /* YouTube_SH_OHTests.swift */ = {isa = PBXFileReference; lastKnownFileType = sourcecode.swift; path = YouTube_SH_OHTests.swift; sourceTree = "<group>"; };
		CB311EB6250FB3430040CEEA /* Info.plist */ = {isa = PBXFileReference; lastKnownFileType = text.plist.xml; path = Info.plist; sourceTree = "<group>"; };
		CB311EBB250FB3430040CEEA /* YouTube-SH-OHUITests.xctest */ = {isa = PBXFileReference; explicitFileType = wrapper.cfbundle; includeInIndex = 0; path = "YouTube-SH-OHUITests.xctest"; sourceTree = BUILT_PRODUCTS_DIR; };
		CB311EBF250FB3430040CEEA /* YouTube_SH_OHUITests.swift */ = {isa = PBXFileReference; lastKnownFileType = sourcecode.swift; path = YouTube_SH_OHUITests.swift; sourceTree = "<group>"; };
		CB311EC1250FB3430040CEEA /* Info.plist */ = {isa = PBXFileReference; lastKnownFileType = text.plist.xml; path = Info.plist; sourceTree = "<group>"; };
/* End PBXFileReference section */

/* Begin PBXFrameworksBuildPhase section */
		CB311E97250FB3420040CEEA /* Frameworks */ = {
			isa = PBXFrameworksBuildPhase;
			buildActionMask = 2147483647;
			files = (
				CB2FF840250FD08C000E124D /* RxMoya in Frameworks */,
				CB2FF83B250FD077000E124D /* RxCocoa in Frameworks */,
				CB2FF843250FD0A6000E124D /* RIBs in Frameworks */,
				CB2FF83D250FD077000E124D /* RxBlocking in Frameworks */,
				CB2FF839250FD077000E124D /* RxRelay in Frameworks */,
				CB2FF835250FD077000E124D /* RxSwift in Frameworks */,
			);
			runOnlyForDeploymentPostprocessing = 0;
		};
		CB311EAD250FB3430040CEEA /* Frameworks */ = {
			isa = PBXFrameworksBuildPhase;
			buildActionMask = 2147483647;
			files = (
				CB2FF837250FD077000E124D /* RxTest in Frameworks */,
			);
			runOnlyForDeploymentPostprocessing = 0;
		};
		CB311EB8250FB3430040CEEA /* Frameworks */ = {
			isa = PBXFrameworksBuildPhase;
			buildActionMask = 2147483647;
			files = (
			);
			runOnlyForDeploymentPostprocessing = 0;
		};
/* End PBXFrameworksBuildPhase section */

/* Begin PBXGroup section */
		CB2FF844250FD123000E124D /* Application */ = {
			isa = PBXGroup;
			children = (
				CB2FF846250FD152000E124D /* AppDelegate */,
				CB2FF845250FD132000E124D /* Resources */,
				CB2FF847250FD16F000E124D /* Scenes */,
			);
			path = Application;
			sourceTree = "<group>";
		};
		CB2FF845250FD132000E124D /* Resources */ = {
			isa = PBXGroup;
			children = (
				CB311EA6250FB3430040CEEA /* Assets.xcassets */,
				CB311EA8250FB3430040CEEA /* LaunchScreen.storyboard */,
			);
			path = Resources;
			sourceTree = "<group>";
		};
		CB2FF846250FD152000E124D /* AppDelegate */ = {
			isa = PBXGroup;
			children = (
				CB311E9D250FB3420040CEEA /* AppDelegate.swift */,
				CB311E9F250FB3420040CEEA /* SceneDelegate.swift */,
			);
			path = AppDelegate;
			sourceTree = "<group>";
		};
		CB2FF847250FD16F000E124D /* Scenes */ = {
			isa = PBXGroup;
			children = (
				CB2FF84B250FD40F000E124D /* UIVIewController */,
				CB2FF848250FD19C000E124D /* Interfaces */,
			);
			path = Scenes;
			sourceTree = "<group>";
		};
		CB2FF848250FD19C000E124D /* Interfaces */ = {
			isa = PBXGroup;
			children = (
				CB311EA3250FB3420040CEEA /* Main.storyboard */,
			);
			path = Interfaces;
			sourceTree = "<group>";
		};
		CB2FF849250FD1B0000E124D /* Domain */ = {
			isa = PBXGroup;
			children = (
			);
			path = Domain;
			sourceTree = "<group>";
		};
		CB2FF84A250FD1B9000E124D /* Platform */ = {
			isa = PBXGroup;
			children = (
			);
			path = Platform;
			sourceTree = "<group>";
		};
		CB2FF84B250FD40F000E124D /* UIVIewController */ = {
			isa = PBXGroup;
			children = (
				CB311EA1250FB3420040CEEA /* ViewController.swift */,
			);
			path = UIVIewController;
			sourceTree = "<group>";
		};
		CB311E91250FB3420040CEEA = {
			isa = PBXGroup;
			children = (
				CB311E9C250FB3420040CEEA /* YouTube-SH-OH */,
				CB311EB3250FB3430040CEEA /* YouTube-SH-OHTests */,
				CB311EBE250FB3430040CEEA /* YouTube-SH-OHUITests */,
				CB311E9B250FB3420040CEEA /* Products */,
				CB311F22250FC1E20040CEEA /* Frameworks */,
			);
			sourceTree = "<group>";
		};
		CB311E9B250FB3420040CEEA /* Products */ = {
			isa = PBXGroup;
			children = (
				CB311E9A250FB3420040CEEA /* YouTube-SH-OH.app */,
				CB311EB0250FB3430040CEEA /* YouTube-SH-OHTests.xctest */,
				CB311EBB250FB3430040CEEA /* YouTube-SH-OHUITests.xctest */,
			);
			name = Products;
			sourceTree = "<group>";
		};
		CB311E9C250FB3420040CEEA /* YouTube-SH-OH */ = {
			isa = PBXGroup;
			children = (
				CB311EAB250FB3430040CEEA /* Info.plist */,
				CB2FF844250FD123000E124D /* Application */,
				CB2FF849250FD1B0000E124D /* Domain */,
				CB2FF84A250FD1B9000E124D /* Platform */,
			);
			path = "YouTube-SH-OH";
			sourceTree = "<group>";
		};
		CB311EB3250FB3430040CEEA /* YouTube-SH-OHTests */ = {
			isa = PBXGroup;
			children = (
				CB311EB4250FB3430040CEEA /* YouTube_SH_OHTests.swift */,
				CB311EB6250FB3430040CEEA /* Info.plist */,
			);
			path = "YouTube-SH-OHTests";
			sourceTree = "<group>";
		};
		CB311EBE250FB3430040CEEA /* YouTube-SH-OHUITests */ = {
			isa = PBXGroup;
			children = (
				CB311EBF250FB3430040CEEA /* YouTube_SH_OHUITests.swift */,
				CB311EC1250FB3430040CEEA /* Info.plist */,
			);
			path = "YouTube-SH-OHUITests";
			sourceTree = "<group>";
		};
		CB311F22250FC1E20040CEEA /* Frameworks */ = {
			isa = PBXGroup;
			children = (
			);
			name = Frameworks;
			sourceTree = "<group>";
		};
/* End PBXGroup section */

/* Begin PBXNativeTarget section */
		CB311E99250FB3420040CEEA /* YouTube-SH-OH */ = {
			isa = PBXNativeTarget;
			buildConfigurationList = CB311EC4250FB3430040CEEA /* Build configuration list for PBXNativeTarget "YouTube-SH-OH" */;
			buildPhases = (
				CB311E96250FB3420040CEEA /* Sources */,
				CB311E97250FB3420040CEEA /* Frameworks */,
				CB311E98250FB3420040CEEA /* Resources */,
				CB311F43250FC8420040CEEA /* Embed Frameworks */,
			);
			buildRules = (
			);
			dependencies = (
			);
			name = "YouTube-SH-OH";
			packageProductDependencies = (
				CB2FF834250FD077000E124D /* RxSwift */,
				CB2FF838250FD077000E124D /* RxRelay */,
				CB2FF83A250FD077000E124D /* RxCocoa */,
				CB2FF83C250FD077000E124D /* RxBlocking */,
				CB2FF83F250FD08C000E124D /* RxMoya */,
				CB2FF842250FD0A6000E124D /* RIBs */,
			);
			productName = "YouTube-SH-OH";
			productReference = CB311E9A250FB3420040CEEA /* YouTube-SH-OH.app */;
			productType = "com.apple.product-type.application";
		};
		CB311EAF250FB3430040CEEA /* YouTube-SH-OHTests */ = {
			isa = PBXNativeTarget;
			buildConfigurationList = CB311EC7250FB3430040CEEA /* Build configuration list for PBXNativeTarget "YouTube-SH-OHTests" */;
			buildPhases = (
				CB311EAC250FB3430040CEEA /* Sources */,
				CB311EAD250FB3430040CEEA /* Frameworks */,
				CB311EAE250FB3430040CEEA /* Resources */,
			);
			buildRules = (
			);
			dependencies = (
				CB311EB2250FB3430040CEEA /* PBXTargetDependency */,
			);
			name = "YouTube-SH-OHTests";
			packageProductDependencies = (
				CB2FF836250FD077000E124D /* RxTest */,
			);
			productName = "YouTube-SH-OHTests";
			productReference = CB311EB0250FB3430040CEEA /* YouTube-SH-OHTests.xctest */;
			productType = "com.apple.product-type.bundle.unit-test";
		};
		CB311EBA250FB3430040CEEA /* YouTube-SH-OHUITests */ = {
			isa = PBXNativeTarget;
			buildConfigurationList = CB311ECA250FB3430040CEEA /* Build configuration list for PBXNativeTarget "YouTube-SH-OHUITests" */;
			buildPhases = (
				CB311EB7250FB3430040CEEA /* Sources */,
				CB311EB8250FB3430040CEEA /* Frameworks */,
				CB311EB9250FB3430040CEEA /* Resources */,
			);
			buildRules = (
			);
			dependencies = (
				CB311EBD250FB3430040CEEA /* PBXTargetDependency */,
			);
			name = "YouTube-SH-OHUITests";
			productName = "YouTube-SH-OHUITests";
			productReference = CB311EBB250FB3430040CEEA /* YouTube-SH-OHUITests.xctest */;
			productType = "com.apple.product-type.bundle.ui-testing";
		};
/* End PBXNativeTarget section */

/* Begin PBXProject section */
		CB311E92250FB3420040CEEA /* Project object */ = {
			isa = PBXProject;
			attributes = {
				LastSwiftUpdateCheck = 1170;
				LastUpgradeCheck = 1170;
				ORGANIZATIONNAME = "SH-OH";
				TargetAttributes = {
					CB311E99250FB3420040CEEA = {
						CreatedOnToolsVersion = 11.7;
					};
					CB311EAF250FB3430040CEEA = {
						CreatedOnToolsVersion = 11.7;
						TestTargetID = CB311E99250FB3420040CEEA;
					};
					CB311EBA250FB3430040CEEA = {
						CreatedOnToolsVersion = 11.7;
						TestTargetID = CB311E99250FB3420040CEEA;
					};
				};
			};
			buildConfigurationList = CB311E95250FB3420040CEEA /* Build configuration list for PBXProject "YouTube-SH-OH" */;
			compatibilityVersion = "Xcode 9.3";
			developmentRegion = en;
			hasScannedForEncodings = 0;
			knownRegions = (
				en,
				Base,
			);
			mainGroup = CB311E91250FB3420040CEEA;
			packageReferences = (
				CB2FF833250FD077000E124D /* XCRemoteSwiftPackageReference "RxSwift" */,
				CB2FF83E250FD08C000E124D /* XCRemoteSwiftPackageReference "Moya" */,
				CB2FF841250FD0A6000E124D /* XCRemoteSwiftPackageReference "RIBs" */,
			);
			productRefGroup = CB311E9B250FB3420040CEEA /* Products */;
			projectDirPath = "";
			projectRoot = "";
			targets = (
				CB311E99250FB3420040CEEA /* YouTube-SH-OH */,
				CB311EAF250FB3430040CEEA /* YouTube-SH-OHTests */,
				CB311EBA250FB3430040CEEA /* YouTube-SH-OHUITests */,
			);
		};
/* End PBXProject section */

/* Begin PBXResourcesBuildPhase section */
		CB311E98250FB3420040CEEA /* Resources */ = {
			isa = PBXResourcesBuildPhase;
			buildActionMask = 2147483647;
			files = (
				CB311EAA250FB3430040CEEA /* LaunchScreen.storyboard in Resources */,
				CB311EA7250FB3430040CEEA /* Assets.xcassets in Resources */,
				CB311EA5250FB3420040CEEA /* Main.storyboard in Resources */,
			);
			runOnlyForDeploymentPostprocessing = 0;
		};
		CB311EAE250FB3430040CEEA /* Resources */ = {
			isa = PBXResourcesBuildPhase;
			buildActionMask = 2147483647;
			files = (
			);
			runOnlyForDeploymentPostprocessing = 0;
		};
		CB311EB9250FB3430040CEEA /* Resources */ = {
			isa = PBXResourcesBuildPhase;
			buildActionMask = 2147483647;
			files = (
			);
			runOnlyForDeploymentPostprocessing = 0;
		};
/* End PBXResourcesBuildPhase section */

/* Begin PBXSourcesBuildPhase section */
		CB311E96250FB3420040CEEA /* Sources */ = {
			isa = PBXSourcesBuildPhase;
			buildActionMask = 2147483647;
			files = (
				CB311EA2250FB3420040CEEA /* ViewController.swift in Sources */,
				CB311E9E250FB3420040CEEA /* AppDelegate.swift in Sources */,
				CB311EA0250FB3420040CEEA /* SceneDelegate.swift in Sources */,
			);
			runOnlyForDeploymentPostprocessing = 0;
		};
		CB311EAC250FB3430040CEEA /* Sources */ = {
			isa = PBXSourcesBuildPhase;
			buildActionMask = 2147483647;
			files = (
				CB311EB5250FB3430040CEEA /* YouTube_SH_OHTests.swift in Sources */,
			);
			runOnlyForDeploymentPostprocessing = 0;
		};
		CB311EB7250FB3430040CEEA /* Sources */ = {
			isa = PBXSourcesBuildPhase;
			buildActionMask = 2147483647;
			files = (
				CB311EC0250FB3430040CEEA /* YouTube_SH_OHUITests.swift in Sources */,
			);
			runOnlyForDeploymentPostprocessing = 0;
		};
/* End PBXSourcesBuildPhase section */

/* Begin PBXTargetDependency section */
		CB311EB2250FB3430040CEEA /* PBXTargetDependency */ = {
			isa = PBXTargetDependency;
			target = CB311E99250FB3420040CEEA /* YouTube-SH-OH */;
			targetProxy = CB311EB1250FB3430040CEEA /* PBXContainerItemProxy */;
		};
		CB311EBD250FB3430040CEEA /* PBXTargetDependency */ = {
			isa = PBXTargetDependency;
			target = CB311E99250FB3420040CEEA /* YouTube-SH-OH */;
			targetProxy = CB311EBC250FB3430040CEEA /* PBXContainerItemProxy */;
		};
/* End PBXTargetDependency section */

/* Begin PBXVariantGroup section */
		CB311EA3250FB3420040CEEA /* Main.storyboard */ = {
			isa = PBXVariantGroup;
			children = (
				CB311EA4250FB3420040CEEA /* Base */,
			);
			name = Main.storyboard;
			sourceTree = "<group>";
		};
		CB311EA8250FB3430040CEEA /* LaunchScreen.storyboard */ = {
			isa = PBXVariantGroup;
			children = (
				CB311EA9250FB3430040CEEA /* Base */,
			);
			name = LaunchScreen.storyboard;
			sourceTree = "<group>";
		};
/* End PBXVariantGroup section */

/* Begin XCBuildConfiguration section */
		CB311EC2250FB3430040CEEA /* Debug */ = {
			isa = XCBuildConfiguration;
			buildSettings = {
				ALWAYS_SEARCH_USER_PATHS = NO;
				CLANG_ANALYZER_NONNULL = YES;
				CLANG_ANALYZER_NUMBER_OBJECT_CONVERSION = YES_AGGRESSIVE;
				CLANG_CXX_LANGUAGE_STANDARD = "gnu++14";
				CLANG_CXX_LIBRARY = "libc++";
				CLANG_ENABLE_MODULES = YES;
				CLANG_ENABLE_OBJC_ARC = YES;
				CLANG_ENABLE_OBJC_WEAK = YES;
				CLANG_WARN_BLOCK_CAPTURE_AUTORELEASING = YES;
				CLANG_WARN_BOOL_CONVERSION = YES;
				CLANG_WARN_COMMA = YES;
				CLANG_WARN_CONSTANT_CONVERSION = YES;
				CLANG_WARN_DEPRECATED_OBJC_IMPLEMENTATIONS = YES;
				CLANG_WARN_DIRECT_OBJC_ISA_USAGE = YES_ERROR;
				CLANG_WARN_DOCUMENTATION_COMMENTS = YES;
				CLANG_WARN_EMPTY_BODY = YES;
				CLANG_WARN_ENUM_CONVERSION = YES;
				CLANG_WARN_INFINITE_RECURSION = YES;
				CLANG_WARN_INT_CONVERSION = YES;
				CLANG_WARN_NON_LITERAL_NULL_CONVERSION = YES;
				CLANG_WARN_OBJC_IMPLICIT_RETAIN_SELF = YES;
				CLANG_WARN_OBJC_LITERAL_CONVERSION = YES;
				CLANG_WARN_OBJC_ROOT_CLASS = YES_ERROR;
				CLANG_WARN_RANGE_LOOP_ANALYSIS = YES;
				CLANG_WARN_STRICT_PROTOTYPES = YES;
				CLANG_WARN_SUSPICIOUS_MOVE = YES;
				CLANG_WARN_UNGUARDED_AVAILABILITY = YES_AGGRESSIVE;
				CLANG_WARN_UNREACHABLE_CODE = YES;
				CLANG_WARN__DUPLICATE_METHOD_MATCH = YES;
				COPY_PHASE_STRIP = NO;
				DEBUG_INFORMATION_FORMAT = dwarf;
				ENABLE_STRICT_OBJC_MSGSEND = YES;
				ENABLE_TESTABILITY = YES;
				GCC_C_LANGUAGE_STANDARD = gnu11;
				GCC_DYNAMIC_NO_PIC = NO;
				GCC_NO_COMMON_BLOCKS = YES;
				GCC_OPTIMIZATION_LEVEL = 0;
				GCC_PREPROCESSOR_DEFINITIONS = (
					"DEBUG=1",
					"$(inherited)",
				);
				GCC_WARN_64_TO_32_BIT_CONVERSION = YES;
				GCC_WARN_ABOUT_RETURN_TYPE = YES_ERROR;
				GCC_WARN_UNDECLARED_SELECTOR = YES;
				GCC_WARN_UNINITIALIZED_AUTOS = YES_AGGRESSIVE;
				GCC_WARN_UNUSED_FUNCTION = YES;
				GCC_WARN_UNUSED_VARIABLE = YES;
				IPHONEOS_DEPLOYMENT_TARGET = 13.0;
				MTL_ENABLE_DEBUG_INFO = INCLUDE_SOURCE;
				MTL_FAST_MATH = YES;
				ONLY_ACTIVE_ARCH = YES;
				SDKROOT = iphoneos;
				SWIFT_ACTIVE_COMPILATION_CONDITIONS = DEBUG;
				SWIFT_OPTIMIZATION_LEVEL = "-Onone";
			};
			name = Debug;
		};
		CB311EC3250FB3430040CEEA /* Release */ = {
			isa = XCBuildConfiguration;
			buildSettings = {
				ALWAYS_SEARCH_USER_PATHS = NO;
				CLANG_ANALYZER_NONNULL = YES;
				CLANG_ANALYZER_NUMBER_OBJECT_CONVERSION = YES_AGGRESSIVE;
				CLANG_CXX_LANGUAGE_STANDARD = "gnu++14";
				CLANG_CXX_LIBRARY = "libc++";
				CLANG_ENABLE_MODULES = YES;
				CLANG_ENABLE_OBJC_ARC = YES;
				CLANG_ENABLE_OBJC_WEAK = YES;
				CLANG_WARN_BLOCK_CAPTURE_AUTORELEASING = YES;
				CLANG_WARN_BOOL_CONVERSION = YES;
				CLANG_WARN_COMMA = YES;
				CLANG_WARN_CONSTANT_CONVERSION = YES;
				CLANG_WARN_DEPRECATED_OBJC_IMPLEMENTATIONS = YES;
				CLANG_WARN_DIRECT_OBJC_ISA_USAGE = YES_ERROR;
				CLANG_WARN_DOCUMENTATION_COMMENTS = YES;
				CLANG_WARN_EMPTY_BODY = YES;
				CLANG_WARN_ENUM_CONVERSION = YES;
				CLANG_WARN_INFINITE_RECURSION = YES;
				CLANG_WARN_INT_CONVERSION = YES;
				CLANG_WARN_NON_LITERAL_NULL_CONVERSION = YES;
				CLANG_WARN_OBJC_IMPLICIT_RETAIN_SELF = YES;
				CLANG_WARN_OBJC_LITERAL_CONVERSION = YES;
				CLANG_WARN_OBJC_ROOT_CLASS = YES_ERROR;
				CLANG_WARN_RANGE_LOOP_ANALYSIS = YES;
				CLANG_WARN_STRICT_PROTOTYPES = YES;
				CLANG_WARN_SUSPICIOUS_MOVE = YES;
				CLANG_WARN_UNGUARDED_AVAILABILITY = YES_AGGRESSIVE;
				CLANG_WARN_UNREACHABLE_CODE = YES;
				CLANG_WARN__DUPLICATE_METHOD_MATCH = YES;
				COPY_PHASE_STRIP = NO;
				DEBUG_INFORMATION_FORMAT = "dwarf-with-dsym";
				ENABLE_NS_ASSERTIONS = NO;
				ENABLE_STRICT_OBJC_MSGSEND = YES;
				GCC_C_LANGUAGE_STANDARD = gnu11;
				GCC_NO_COMMON_BLOCKS = YES;
				GCC_WARN_64_TO_32_BIT_CONVERSION = YES;
				GCC_WARN_ABOUT_RETURN_TYPE = YES_ERROR;
				GCC_WARN_UNDECLARED_SELECTOR = YES;
				GCC_WARN_UNINITIALIZED_AUTOS = YES_AGGRESSIVE;
				GCC_WARN_UNUSED_FUNCTION = YES;
				GCC_WARN_UNUSED_VARIABLE = YES;
				IPHONEOS_DEPLOYMENT_TARGET = 13.0;
				MTL_ENABLE_DEBUG_INFO = NO;
				MTL_FAST_MATH = YES;
				SDKROOT = iphoneos;
				SWIFT_COMPILATION_MODE = wholemodule;
				SWIFT_OPTIMIZATION_LEVEL = "-O";
				VALIDATE_PRODUCT = YES;
			};
			name = Release;
		};
		CB311EC5250FB3430040CEEA /* Debug */ = {
			isa = XCBuildConfiguration;
			buildSettings = {
				ASSETCATALOG_COMPILER_APPICON_NAME = AppIcon;
				CODE_SIGN_STYLE = Automatic;
				DEVELOPMENT_TEAM = 7Q8VF9RM3U;
				INFOPLIST_FILE = "YouTube-SH-OH/Info.plist";
				LD_RUNPATH_SEARCH_PATHS = (
					"$(inherited)",
					"@executable_path/Frameworks",
				);
				PRODUCT_BUNDLE_IDENTIFIER = "SH-OH.YouTube-SH-OH";
				PRODUCT_NAME = "$(TARGET_NAME)";
				SWIFT_VERSION = 5.0;
				TARGETED_DEVICE_FAMILY = "1,2";
			};
			name = Debug;
		};
		CB311EC6250FB3430040CEEA /* Release */ = {
			isa = XCBuildConfiguration;
			buildSettings = {
				ASSETCATALOG_COMPILER_APPICON_NAME = AppIcon;
				CODE_SIGN_STYLE = Automatic;
				DEVELOPMENT_TEAM = 7Q8VF9RM3U;
				INFOPLIST_FILE = "YouTube-SH-OH/Info.plist";
				LD_RUNPATH_SEARCH_PATHS = (
					"$(inherited)",
					"@executable_path/Frameworks",
				);
				PRODUCT_BUNDLE_IDENTIFIER = "SH-OH.YouTube-SH-OH";
				PRODUCT_NAME = "$(TARGET_NAME)";
				SWIFT_VERSION = 5.0;
				TARGETED_DEVICE_FAMILY = "1,2";
			};
			name = Release;
		};
		CB311EC8250FB3430040CEEA /* Debug */ = {
			isa = XCBuildConfiguration;
			buildSettings = {
				ALWAYS_EMBED_SWIFT_STANDARD_LIBRARIES = YES;
				BUNDLE_LOADER = "$(TEST_HOST)";
				CODE_SIGN_STYLE = Automatic;
				DEVELOPMENT_TEAM = 7Q8VF9RM3U;
				INFOPLIST_FILE = "YouTube-SH-OHTests/Info.plist";
				IPHONEOS_DEPLOYMENT_TARGET = 13.7;
				LD_RUNPATH_SEARCH_PATHS = (
					"$(inherited)",
					"@executable_path/Frameworks",
					"@loader_path/Frameworks",
				);
				PRODUCT_BUNDLE_IDENTIFIER = "SH-OH.YouTube-SH-OHTests";
				PRODUCT_NAME = "$(TARGET_NAME)";
				SWIFT_VERSION = 5.0;
				TARGETED_DEVICE_FAMILY = "1,2";
				TEST_HOST = "$(BUILT_PRODUCTS_DIR)/YouTube-SH-OH.app/YouTube-SH-OH";
			};
			name = Debug;
		};
		CB311EC9250FB3430040CEEA /* Release */ = {
			isa = XCBuildConfiguration;
			buildSettings = {
				ALWAYS_EMBED_SWIFT_STANDARD_LIBRARIES = YES;
				BUNDLE_LOADER = "$(TEST_HOST)";
				CODE_SIGN_STYLE = Automatic;
				DEVELOPMENT_TEAM = 7Q8VF9RM3U;
				INFOPLIST_FILE = "YouTube-SH-OHTests/Info.plist";
				IPHONEOS_DEPLOYMENT_TARGET = 13.7;
				LD_RUNPATH_SEARCH_PATHS = (
					"$(inherited)",
					"@executable_path/Frameworks",
					"@loader_path/Frameworks",
				);
				PRODUCT_BUNDLE_IDENTIFIER = "SH-OH.YouTube-SH-OHTests";
				PRODUCT_NAME = "$(TARGET_NAME)";
				SWIFT_VERSION = 5.0;
				TARGETED_DEVICE_FAMILY = "1,2";
				TEST_HOST = "$(BUILT_PRODUCTS_DIR)/YouTube-SH-OH.app/YouTube-SH-OH";
			};
			name = Release;
		};
		CB311ECB250FB3430040CEEA /* Debug */ = {
			isa = XCBuildConfiguration;
			buildSettings = {
				ALWAYS_EMBED_SWIFT_STANDARD_LIBRARIES = YES;
				CODE_SIGN_STYLE = Automatic;
				DEVELOPMENT_TEAM = 7Q8VF9RM3U;
				INFOPLIST_FILE = "YouTube-SH-OHUITests/Info.plist";
				LD_RUNPATH_SEARCH_PATHS = (
					"$(inherited)",
					"@executable_path/Frameworks",
					"@loader_path/Frameworks",
				);
				PRODUCT_BUNDLE_IDENTIFIER = "SH-OH.YouTube-SH-OHUITests";
				PRODUCT_NAME = "$(TARGET_NAME)";
				SWIFT_VERSION = 5.0;
				TARGETED_DEVICE_FAMILY = "1,2";
				TEST_TARGET_NAME = "YouTube-SH-OH";
			};
			name = Debug;
		};
		CB311ECC250FB3430040CEEA /* Release */ = {
			isa = XCBuildConfiguration;
			buildSettings = {
				ALWAYS_EMBED_SWIFT_STANDARD_LIBRARIES = YES;
				CODE_SIGN_STYLE = Automatic;
				DEVELOPMENT_TEAM = 7Q8VF9RM3U;
				INFOPLIST_FILE = "YouTube-SH-OHUITests/Info.plist";
				LD_RUNPATH_SEARCH_PATHS = (
					"$(inherited)",
					"@executable_path/Frameworks",
					"@loader_path/Frameworks",
				);
				PRODUCT_BUNDLE_IDENTIFIER = "SH-OH.YouTube-SH-OHUITests";
				PRODUCT_NAME = "$(TARGET_NAME)";
				SWIFT_VERSION = 5.0;
				TARGETED_DEVICE_FAMILY = "1,2";
				TEST_TARGET_NAME = "YouTube-SH-OH";
			};
			name = Release;
		};
/* End XCBuildConfiguration section */

/* Begin XCConfigurationList section */
		CB311E95250FB3420040CEEA /* Build configuration list for PBXProject "YouTube-SH-OH" */ = {
			isa = XCConfigurationList;
			buildConfigurations = (
				CB311EC2250FB3430040CEEA /* Debug */,
				CB311EC3250FB3430040CEEA /* Release */,
			);
			defaultConfigurationIsVisible = 0;
			defaultConfigurationName = Release;
		};
		CB311EC4250FB3430040CEEA /* Build configuration list for PBXNativeTarget "YouTube-SH-OH" */ = {
			isa = XCConfigurationList;
			buildConfigurations = (
				CB311EC5250FB3430040CEEA /* Debug */,
				CB311EC6250FB3430040CEEA /* Release */,
			);
			defaultConfigurationIsVisible = 0;
			defaultConfigurationName = Release;
		};
		CB311EC7250FB3430040CEEA /* Build configuration list for PBXNativeTarget "YouTube-SH-OHTests" */ = {
			isa = XCConfigurationList;
			buildConfigurations = (
				CB311EC8250FB3430040CEEA /* Debug */,
				CB311EC9250FB3430040CEEA /* Release */,
			);
			defaultConfigurationIsVisible = 0;
			defaultConfigurationName = Release;
		};
		CB311ECA250FB3430040CEEA /* Build configuration list for PBXNativeTarget "YouTube-SH-OHUITests" */ = {
			isa = XCConfigurationList;
			buildConfigurations = (
				CB311ECB250FB3430040CEEA /* Debug */,
				CB311ECC250FB3430040CEEA /* Release */,
			);
			defaultConfigurationIsVisible = 0;
			defaultConfigurationName = Release;
		};
/* End XCConfigurationList section */

/* Begin XCRemoteSwiftPackageReference section */
		CB2FF833250FD077000E124D /* XCRemoteSwiftPackageReference "RxSwift" */ = {
			isa = XCRemoteSwiftPackageReference;
			repositoryURL = "https://github.com/ReactiveX/RxSwift.git";
			requirement = {
				kind = upToNextMajorVersion;
				minimumVersion = 5.1.1;
			};
		};
		CB2FF83E250FD08C000E124D /* XCRemoteSwiftPackageReference "Moya" */ = {
			isa = XCRemoteSwiftPackageReference;
			repositoryURL = "https://github.com/Moya/Moya.git";
			requirement = {
				kind = upToNextMajorVersion;
				minimumVersion = 14.0.0;
			};
		};
		CB2FF841250FD0A6000E124D /* XCRemoteSwiftPackageReference "RIBs" */ = {
			isa = XCRemoteSwiftPackageReference;
			repositoryURL = "https://github.com/uber/RIBs.git";
			requirement = {
				branch = master;
				kind = branch;
			};
		};
/* End XCRemoteSwiftPackageReference section */

/* Begin XCSwiftPackageProductDependency section */
		CB2FF834250FD077000E124D /* RxSwift */ = {
			isa = XCSwiftPackageProductDependency;
			package = CB2FF833250FD077000E124D /* XCRemoteSwiftPackageReference "RxSwift" */;
			productName = RxSwift;
		};
		CB2FF836250FD077000E124D /* RxTest */ = {
			isa = XCSwiftPackageProductDependency;
			package = CB2FF833250FD077000E124D /* XCRemoteSwiftPackageReference "RxSwift" */;
			productName = RxTest;
		};
		CB2FF838250FD077000E124D /* RxRelay */ = {
			isa = XCSwiftPackageProductDependency;
			package = CB2FF833250FD077000E124D /* XCRemoteSwiftPackageReference "RxSwift" */;
			productName = RxRelay;
		};
		CB2FF83A250FD077000E124D /* RxCocoa */ = {
			isa = XCSwiftPackageProductDependency;
			package = CB2FF833250FD077000E124D /* XCRemoteSwiftPackageReference "RxSwift" */;
			productName = RxCocoa;
		};
		CB2FF83C250FD077000E124D /* RxBlocking */ = {
			isa = XCSwiftPackageProductDependency;
			package = CB2FF833250FD077000E124D /* XCRemoteSwiftPackageReference "RxSwift" */;
			productName = RxBlocking;
		};
		CB2FF83F250FD08C000E124D /* RxMoya */ = {
			isa = XCSwiftPackageProductDependency;
			package = CB2FF83E250FD08C000E124D /* XCRemoteSwiftPackageReference "Moya" */;
			productName = RxMoya;
		};
		CB2FF842250FD0A6000E124D /* RIBs */ = {
			isa = XCSwiftPackageProductDependency;
			package = CB2FF841250FD0A6000E124D /* XCRemoteSwiftPackageReference "RIBs" */;
			productName = RIBs;
		};
/* End XCSwiftPackageProductDependency section */
	};
	rootObject = CB311E92250FB3420040CEEA /* Project object */;
}
